// !$*UTF8*$!
{
	archiveVersion = 1;
	classes = {
	};
	objectVersion = 46;
	objects = {

/* Begin PBXBuildFile section */
		297671790C09FC239A3CE4F8 /* Pods_honeybees.framework in Frameworks */ = {isa = PBXBuildFile; fileRef = B9F22823B52AF31842938D0B /* Pods_honeybees.framework */; };
		69EE57E41BDBC58900E06E77 /* honeybees-Bridging.m in Sources */ = {isa = PBXBuildFile; fileRef = 69EE57E31BDBC58900E06E77 /* honeybees-Bridging.m */; };
		69FA2B421BDB368A00BEC967 /* AppDelegate.swift in Sources */ = {isa = PBXBuildFile; fileRef = 69FA2B411BDB368A00BEC967 /* AppDelegate.swift */; };
		69FA2B441BDB368A00BEC967 /* ViewController.swift in Sources */ = {isa = PBXBuildFile; fileRef = 69FA2B431BDB368A00BEC967 /* ViewController.swift */; };
		69FA2B471BDB368A00BEC967 /* Main.storyboard in Resources */ = {isa = PBXBuildFile; fileRef = 69FA2B451BDB368A00BEC967 /* Main.storyboard */; };
		69FA2B4A1BDB368A00BEC967 /* honeybees.xcdatamodeld in Sources */ = {isa = PBXBuildFile; fileRef = 69FA2B481BDB368A00BEC967 /* honeybees.xcdatamodeld */; };
		69FA2B4C1BDB368A00BEC967 /* Assets.xcassets in Resources */ = {isa = PBXBuildFile; fileRef = 69FA2B4B1BDB368A00BEC967 /* Assets.xcassets */; };
		69FA2B4F1BDB368A00BEC967 /* LaunchScreen.storyboard in Resources */ = {isa = PBXBuildFile; fileRef = 69FA2B4D1BDB368A00BEC967 /* LaunchScreen.storyboard */; };
		F46928221BDC654B00346E84 /* ViewController2.swift in Sources */ = {isa = PBXBuildFile; fileRef = F46928211BDC654B00346E84 /* ViewController2.swift */; };
/* End PBXBuildFile section */

/* Begin PBXFileReference section */
		69EE57E21BDBC58800E06E77 /* honeybees-Bridging-Header.h */ = {isa = PBXFileReference; lastKnownFileType = sourcecode.c.h; path = "honeybees-Bridging-Header.h"; sourceTree = "<group>"; };
		69EE57E31BDBC58900E06E77 /* honeybees-Bridging.m */ = {isa = PBXFileReference; fileEncoding = 4; lastKnownFileType = sourcecode.c.objc; path = "honeybees-Bridging.m"; sourceTree = "<group>"; };
		69FA2B3E1BDB368A00BEC967 /* honeybees.app */ = {isa = PBXFileReference; explicitFileType = wrapper.application; includeInIndex = 0; path = honeybees.app; sourceTree = BUILT_PRODUCTS_DIR; };
		69FA2B411BDB368A00BEC967 /* AppDelegate.swift */ = {isa = PBXFileReference; lastKnownFileType = sourcecode.swift; path = AppDelegate.swift; sourceTree = "<group>"; };
		69FA2B431BDB368A00BEC967 /* ViewController.swift */ = {isa = PBXFileReference; lastKnownFileType = sourcecode.swift; path = ViewController.swift; sourceTree = "<group>"; };
		69FA2B461BDB368A00BEC967 /* Base */ = {isa = PBXFileReference; lastKnownFileType = file.storyboard; name = Base; path = Base.lproj/Main.storyboard; sourceTree = "<group>"; };
		69FA2B491BDB368A00BEC967 /* honeybees.xcdatamodel */ = {isa = PBXFileReference; lastKnownFileType = wrapper.xcdatamodel; path = honeybees.xcdatamodel; sourceTree = "<group>"; };
		69FA2B4B1BDB368A00BEC967 /* Assets.xcassets */ = {isa = PBXFileReference; lastKnownFileType = folder.assetcatalog; path = Assets.xcassets; sourceTree = "<group>"; };
		69FA2B4E1BDB368A00BEC967 /* Base */ = {isa = PBXFileReference; lastKnownFileType = file.storyboard; name = Base; path = Base.lproj/LaunchScreen.storyboard; sourceTree = "<group>"; };
		69FA2B501BDB368A00BEC967 /* Info.plist */ = {isa = PBXFileReference; lastKnownFileType = text.plist.xml; path = Info.plist; sourceTree = "<group>"; };
		77BAA349BE6BA0ADB6ED9B8A /* Pods-honeybees.release.xcconfig */ = {isa = PBXFileReference; includeInIndex = 1; lastKnownFileType = text.xcconfig; name = "Pods-honeybees.release.xcconfig"; path = "Pods/Target Support Files/Pods-honeybees/Pods-honeybees.release.xcconfig"; sourceTree = "<group>"; };
		B9F22823B52AF31842938D0B /* Pods_honeybees.framework */ = {isa = PBXFileReference; explicitFileType = wrapper.framework; includeInIndex = 0; path = Pods_honeybees.framework; sourceTree = BUILT_PRODUCTS_DIR; };
		E6F428675159EE75F4CE126C /* Pods-honeybees.debug.xcconfig */ = {isa = PBXFileReference; includeInIndex = 1; lastKnownFileType = text.xcconfig; name = "Pods-honeybees.debug.xcconfig"; path = "Pods/Target Support Files/Pods-honeybees/Pods-honeybees.debug.xcconfig"; sourceTree = "<group>"; };
		F46928211BDC654B00346E84 /* ViewController2.swift */ = {isa = PBXFileReference; fileEncoding = 4; lastKnownFileType = sourcecode.swift; path = ViewController2.swift; sourceTree = "<group>"; };
/* End PBXFileReference section */

/* Begin PBXFrameworksBuildPhase section */
		69FA2B3B1BDB368A00BEC967 /* Frameworks */ = {
			isa = PBXFrameworksBuildPhase;
			buildActionMask = 2147483647;
			files = (
				297671790C09FC239A3CE4F8 /* Pods_honeybees.framework in Frameworks */,
			);
			runOnlyForDeploymentPostprocessing = 0;
		};
/* End PBXFrameworksBuildPhase section */

/* Begin PBXGroup section */
		31C4BA0F718E57FE0EACB8CF /* Pods */ = {
			isa = PBXGroup;
			children = (
				E6F428675159EE75F4CE126C /* Pods-honeybees.debug.xcconfig */,
				77BAA349BE6BA0ADB6ED9B8A /* Pods-honeybees.release.xcconfig */,
			);
			name = Pods;
			sourceTree = "<group>";
		};
		69FA2B351BDB368A00BEC967 = {
			isa = PBXGroup;
			children = (
				69EE57E31BDBC58900E06E77 /* honeybees-Bridging.m */,
				69FA2B401BDB368A00BEC967 /* honeybees */,
				69FA2B3F1BDB368A00BEC967 /* Products */,
				69EE57E21BDBC58800E06E77 /* honeybees-Bridging-Header.h */,
				31C4BA0F718E57FE0EACB8CF /* Pods */,
				FC83057F964E2367B7800DBE /* Frameworks */,
			);
			sourceTree = "<group>";
		};
		69FA2B3F1BDB368A00BEC967 /* Products */ = {
			isa = PBXGroup;
			children = (
				69FA2B3E1BDB368A00BEC967 /* honeybees.app */,
			);
			name = Products;
			sourceTree = "<group>";
		};
		69FA2B401BDB368A00BEC967 /* honeybees */ = {
			isa = PBXGroup;
			children = (
				69FA2B411BDB368A00BEC967 /* AppDelegate.swift */,
				69FA2B431BDB368A00BEC967 /* ViewController.swift */,
				69FA2B451BDB368A00BEC967 /* Main.storyboard */,
				69FA2B4B1BDB368A00BEC967 /* Assets.xcassets */,
				F46928211BDC654B00346E84 /* ViewController2.swift */,
				69FA2B4D1BDB368A00BEC967 /* LaunchScreen.storyboard */,
				69FA2B501BDB368A00BEC967 /* Info.plist */,
				69FA2B481BDB368A00BEC967 /* honeybees.xcdatamodeld */,
			);
			path = honeybees;
			sourceTree = "<group>";
		};
		FC83057F964E2367B7800DBE /* Frameworks */ = {
			isa = PBXGroup;
			children = (
				B9F22823B52AF31842938D0B /* Pods_honeybees.framework */,
			);
			name = Frameworks;
			sourceTree = "<group>";
		};
/* End PBXGroup section */

/* Begin PBXNativeTarget section */
		69FA2B3D1BDB368A00BEC967 /* honeybees */ = {
			isa = PBXNativeTarget;
			buildConfigurationList = 69FA2B531BDB368A00BEC967 /* Build configuration list for PBXNativeTarget "honeybees" */;
			buildPhases = (
				39C86571DB7997A9921E7642 /* Check Pods Manifest.lock */,
				69FA2B3A1BDB368A00BEC967 /* Sources */,
				69FA2B3B1BDB368A00BEC967 /* Frameworks */,
				69FA2B3C1BDB368A00BEC967 /* Resources */,
				781ED64C222C8DBB04B3D065 /* Embed Pods Frameworks */,
				29FD0FEF97A800C4B35A970D /* Copy Pods Resources */,
			);
			buildRules = (
			);
			dependencies = (
			);
			name = honeybees;
			productName = honeybees;
			productReference = 69FA2B3E1BDB368A00BEC967 /* honeybees.app */;
			productType = "com.apple.product-type.application";
		};
/* End PBXNativeTarget section */

/* Begin PBXProject section */
		69FA2B361BDB368A00BEC967 /* Project object */ = {
			isa = PBXProject;
			attributes = {
				LastSwiftUpdateCheck = 0710;
				LastUpgradeCheck = 0710;
				ORGANIZATIONNAME = "Steph Reaves";
				TargetAttributes = {
					69FA2B3D1BDB368A00BEC967 = {
						CreatedOnToolsVersion = 7.1;
						DevelopmentTeam = 2RY2CAPLZS;
					};
				};
			};
			buildConfigurationList = 69FA2B391BDB368A00BEC967 /* Build configuration list for PBXProject "honeybees" */;
			compatibilityVersion = "Xcode 3.2";
			developmentRegion = English;
			hasScannedForEncodings = 0;
			knownRegions = (
				en,
				Base,
			);
			mainGroup = 69FA2B351BDB368A00BEC967;
			productRefGroup = 69FA2B3F1BDB368A00BEC967 /* Products */;
			projectDirPath = "";
			projectRoot = "";
			targets = (
				69FA2B3D1BDB368A00BEC967 /* honeybees */,
			);
		};
/* End PBXProject section */

/* Begin PBXResourcesBuildPhase section */
		69FA2B3C1BDB368A00BEC967 /* Resources */ = {
			isa = PBXResourcesBuildPhase;
			buildActionMask = 2147483647;
			files = (
				69FA2B4F1BDB368A00BEC967 /* LaunchScreen.storyboard in Resources */,
				69FA2B4C1BDB368A00BEC967 /* Assets.xcassets in Resources */,
				69FA2B471BDB368A00BEC967 /* Main.storyboard in Resources */,
			);
			runOnlyForDeploymentPostprocessing = 0;
		};
/* End PBXResourcesBuildPhase section */

/* Begin PBXShellScriptBuildPhase section */
		29FD0FEF97A800C4B35A970D /* Copy Pods Resources */ = {
			isa = PBXShellScriptBuildPhase;
			buildActionMask = 2147483647;
			files = (
			);
			inputPaths = (
			);
			name = "Copy Pods Resources";
			outputPaths = (
			);
			runOnlyForDeploymentPostprocessing = 0;
			shellPath = /bin/sh;
			shellScript = "\"${SRCROOT}/Pods/Target Support Files/Pods-honeybees/Pods-honeybees-resources.sh\"\n";
			showEnvVarsInLog = 0;
		};
		39C86571DB7997A9921E7642 /* Check Pods Manifest.lock */ = {
			isa = PBXShellScriptBuildPhase;
			buildActionMask = 2147483647;
			files = (
			);
			inputPaths = (
			);
			name = "Check Pods Manifest.lock";
			outputPaths = (
			);
			runOnlyForDeploymentPostprocessing = 0;
			shellPath = /bin/sh;
			shellScript = "diff \"${PODS_ROOT}/../Podfile.lock\" \"${PODS_ROOT}/Manifest.lock\" > /dev/null\nif [[ $? != 0 ]] ; then\n    cat << EOM\nerror: The sandbox is not in sync with the Podfile.lock. Run 'pod install' or update your CocoaPods installation.\nEOM\n    exit 1\nfi\n";
			showEnvVarsInLog = 0;
		};
		781ED64C222C8DBB04B3D065 /* Embed Pods Frameworks */ = {
			isa = PBXShellScriptBuildPhase;
			buildActionMask = 2147483647;
			files = (
			);
			inputPaths = (
			);
			name = "Embed Pods Frameworks";
			outputPaths = (
			);
			runOnlyForDeploymentPostprocessing = 0;
			shellPath = /bin/sh;
			shellScript = "\"${SRCROOT}/Pods/Target Support Files/Pods-honeybees/Pods-honeybees-frameworks.sh\"\n";
			showEnvVarsInLog = 0;
		};
/* End PBXShellScriptBuildPhase section */

/* Begin PBXSourcesBuildPhase section */
		69FA2B3A1BDB368A00BEC967 /* Sources */ = {
			isa = PBXSourcesBuildPhase;
			buildActionMask = 2147483647;
			files = (
				F46928221BDC654B00346E84 /* ViewController2.swift in Sources */,
				69EE57E41BDBC58900E06E77 /* honeybees-Bridging.m in Sources */,
				69FA2B441BDB368A00BEC967 /* ViewController.swift in Sources */,
				69FA2B421BDB368A00BEC967 /* AppDelegate.swift in Sources */,
				69FA2B4A1BDB368A00BEC967 /* honeybees.xcdatamodeld in Sources */,
			);
			runOnlyForDeploymentPostprocessing = 0;
		};
/* End PBXSourcesBuildPhase section */

/* Begin PBXVariantGroup section */
		69FA2B451BDB368A00BEC967 /* Main.storyboard */ = {
			isa = PBXVariantGroup;
			children = (
				69FA2B461BDB368A00BEC967 /* Base */,
			);
			name = Main.storyboard;
			sourceTree = "<group>";
		};
		69FA2B4D1BDB368A00BEC967 /* LaunchScreen.storyboard */ = {
			isa = PBXVariantGroup;
			children = (
				69FA2B4E1BDB368A00BEC967 /* Base */,
			);
			name = LaunchScreen.storyboard;
			sourceTree = "<group>";
		};
/* End PBXVariantGroup section */

/* Begin XCBuildConfiguration section */
		69FA2B511BDB368A00BEC967 /* Debug */ = {
			isa = XCBuildConfiguration;
			buildSettings = {
				ALWAYS_SEARCH_USER_PATHS = NO;
				CLANG_CXX_LANGUAGE_STANDARD = "gnu++0x";
				CLANG_CXX_LIBRARY = "libc++";
				CLANG_ENABLE_MODULES = YES;
				CLANG_ENABLE_OBJC_ARC = YES;
				CLANG_WARN_BOOL_CONVERSION = YES;
				CLANG_WARN_CONSTANT_CONVERSION = YES;
				CLANG_WARN_DIRECT_OBJC_ISA_USAGE = YES_ERROR;
				CLANG_WARN_EMPTY_BODY = YES;
				CLANG_WARN_ENUM_CONVERSION = YES;
				CLANG_WARN_INT_CONVERSION = YES;
				CLANG_WARN_OBJC_ROOT_CLASS = YES_ERROR;
				CLANG_WARN_UNREACHABLE_CODE = YES;
				CLANG_WARN__DUPLICATE_METHOD_MATCH = YES;
				"CODE_SIGN_IDENTITY[sdk=iphoneos*]" = "iPhone Developer";
				COPY_PHASE_STRIP = NO;
				DEBUG_INFORMATION_FORMAT = dwarf;
				ENABLE_STRICT_OBJC_MSGSEND = YES;
				ENABLE_TESTABILITY = YES;
				GCC_C_LANGUAGE_STANDARD = gnu99;
				GCC_DYNAMIC_NO_PIC = NO;
				GCC_NO_COMMON_BLOCKS = YES;
				GCC_OPTIMIZATION_LEVEL = 0;
				GCC_PREPROCESSOR_DEFINITIONS = (
					"DEBUG=1",
					"$(inherited)",
				);
				GCC_WARN_64_TO_32_BIT_CONVERSION = YES;
				GCC_WARN_ABOUT_RETURN_TYPE = YES_ERROR;
				GCC_WARN_UNDECLARED_SELECTOR = YES;
				GCC_WARN_UNINITIALIZED_AUTOS = YES_AGGRESSIVE;
				GCC_WARN_UNUSED_FUNCTION = YES;
				GCC_WARN_UNUSED_VARIABLE = YES;
				IPHONEOS_DEPLOYMENT_TARGET = 9.1;
				MTL_ENABLE_DEBUG_INFO = YES;
				ONLY_ACTIVE_ARCH = YES;
				SDKROOT = iphoneos;
				SWIFT_OPTIMIZATION_LEVEL = "-Onone";
				TARGETED_DEVICE_FAMILY = "1,2";
			};
			name = Debug;
		};
		69FA2B521BDB368A00BEC967 /* Release */ = {
			isa = XCBuildConfiguration;
			buildSettings = {
				ALWAYS_SEARCH_USER_PATHS = NO;
				CLANG_CXX_LANGUAGE_STANDARD = "gnu++0x";
				CLANG_CXX_LIBRARY = "libc++";
				CLANG_ENABLE_MODULES = YES;
				CLANG_ENABLE_OBJC_ARC = YES;
				CLANG_WARN_BOOL_CONVERSION = YES;
				CLANG_WARN_CONSTANT_CONVERSION = YES;
				CLANG_WARN_DIRECT_OBJC_ISA_USAGE = YES_ERROR;
				CLANG_WARN_EMPTY_BODY = YES;
				CLANG_WARN_ENUM_CONVERSION = YES;
				CLANG_WARN_INT_CONVERSION = YES;
				CLANG_WARN_OBJC_ROOT_CLASS = YES_ERROR;
				CLANG_WARN_UNREACHABLE_CODE = YES;
				CLANG_WARN__DUPLICATE_METHOD_MATCH = YES;
				"CODE_SIGN_IDENTITY[sdk=iphoneos*]" = "iPhone Developer";
				COPY_PHASE_STRIP = NO;
				DEBUG_INFORMATION_FORMAT = "dwarf-with-dsym";
				ENABLE_NS_ASSERTIONS = NO;
				ENABLE_STRICT_OBJC_MSGSEND = YES;
				GCC_C_LANGUAGE_STANDARD = gnu99;
				GCC_NO_COMMON_BLOCKS = YES;
				GCC_WARN_64_TO_32_BIT_CONVERSION = YES;
				GCC_WARN_ABOUT_RETURN_TYPE = YES_ERROR;
				GCC_WARN_UNDECLARED_SELECTOR = YES;
				GCC_WARN_UNINITIALIZED_AUTOS = YES_AGGRESSIVE;
				GCC_WARN_UNUSED_FUNCTION = YES;
				GCC_WARN_UNUSED_VARIABLE = YES;
				IPHONEOS_DEPLOYMENT_TARGET = 9.1;
				MTL_ENABLE_DEBUG_INFO = NO;
				SDKROOT = iphoneos;
				TARGETED_DEVICE_FAMILY = "1,2";
				VALIDATE_PRODUCT = YES;
			};
			name = Release;
		};
		69FA2B541BDB368A00BEC967 /* Debug */ = {
			isa = XCBuildConfiguration;
			baseConfigurationReference = E6F428675159EE75F4CE126C /* Pods-honeybees.debug.xcconfig */;
			buildSettings = {
				ASSETCATALOG_COMPILER_APPICON_NAME = AppIcon;
				CLANG_ENABLE_MODULES = YES;
				INFOPLIST_FILE = honeybees/Info.plist;
				IPHONEOS_DEPLOYMENT_TARGET = 8.0;
				LD_RUNPATH_SEARCH_PATHS = "$(inherited) @executable_path/Frameworks";
				PRODUCT_BUNDLE_IDENTIFIER = com.stephreaves.honeybees;
				PRODUCT_NAME = "$(TARGET_NAME)";
				SWIFT_OBJC_BRIDGING_HEADER = "honeybees-Bridging-Header.h";
				SWIFT_OPTIMIZATION_LEVEL = "-Onone";
				TARGETED_DEVICE_FAMILY = "1,2";
			};
			name = Debug;
		};
		69FA2B551BDB368A00BEC967 /* Release */ = {
			isa = XCBuildConfiguration;
			baseConfigurationReference = 77BAA349BE6BA0ADB6ED9B8A /* Pods-honeybees.release.xcconfig */;
			buildSettings = {
				ASSETCATALOG_COMPILER_APPICON_NAME = AppIcon;
				CLANG_ENABLE_MODULES = YES;
				INFOPLIST_FILE = honeybees/Info.plist;
				IPHONEOS_DEPLOYMENT_TARGET = 8.0;
				LD_RUNPATH_SEARCH_PATHS = "$(inherited) @executable_path/Frameworks";
				PRODUCT_BUNDLE_IDENTIFIER = com.stephreaves.honeybees;
				PRODUCT_NAME = "$(TARGET_NAME)";
				SWIFT_OBJC_BRIDGING_HEADER = "honeybees-Bridging-Header.h";
				TARGETED_DEVICE_FAMILY = "1,2";
			};
			name = Release;
		};
/* End XCBuildConfiguration section */

/* Begin XCConfigurationList section */
		69FA2B391BDB368A00BEC967 /* Build configuration list for PBXProject "honeybees" */ = {
			isa = XCConfigurationList;
			buildConfigurations = (
				69FA2B511BDB368A00BEC967 /* Debug */,
				69FA2B521BDB368A00BEC967 /* Release */,
			);
			defaultConfigurationIsVisible = 0;
			defaultConfigurationName = Release;
		};
		69FA2B531BDB368A00BEC967 /* Build configuration list for PBXNativeTarget "honeybees" */ = {
			isa = XCConfigurationList;
			buildConfigurations = (
				69FA2B541BDB368A00BEC967 /* Debug */,
				69FA2B551BDB368A00BEC967 /* Release */,
			);
			defaultConfigurationIsVisible = 0;
			defaultConfigurationName = Release;
		};
/* End XCConfigurationList section */

/* Begin XCVersionGroup section */
		69FA2B481BDB368A00BEC967 /* honeybees.xcdatamodeld */ = {
			isa = XCVersionGroup;
			children = (
				69FA2B491BDB368A00BEC967 /* honeybees.xcdatamodel */,
			);
			currentVersion = 69FA2B491BDB368A00BEC967 /* honeybees.xcdatamodel */;
			path = honeybees.xcdatamodeld;
			sourceTree = "<group>";
			versionGroupType = wrapper.xcdatamodel;
		};
/* End XCVersionGroup section */
	};
	rootObject = 69FA2B361BDB368A00BEC967 /* Project object */;
}
